
Microsoft Visual Studio Solution File, Format Version 12.00
# Visual Studio Version 16
VisualStudioVersion = 16.0.30717.126
MinimumVisualStudioVersion = 10.0.40219.1
Project("{FAE04EC0-301F-11D3-BF4B-00C04F79EFBC}") = "LW_6", "LW_6\LW_6.csproj", "{CE6132DD-9916-45EE-8F13-1F803DBA476C}"
EndProject
Global
	GlobalSection(SolutionConfigurationPlatforms) = preSolution
		Debug|Any CPU = Debug|Any CPU
		Release|Any CPU = Release|Any CPU
	EndGlobalSection
	GlobalSection(ProjectConfigurationPlatforms) = postSolution
		{CE6132DD-9916-45EE-8F13-1F803DBA476C}.Debug|Any CPU.ActiveCfg = Debug|Any CPU
		{CE6132DD-9916-45EE-8F13-1F803DBA476C}.Debug|Any CPU.Build.0 = Debug|Any CPU
		{CE6132DD-9916-45EE-8F13-1F803DBA476C}.Release|Any CPU.ActiveCfg = Release|Any CPU
		{CE6132DD-9916-45EE-8F13-1F803DBA476C}.Release|Any CPU.Build.0 = Release|Any CPU
	EndGlobalSection
	GlobalSection(SolutionProperties) = preSolution
		HideSolutionNode = FALSE
	EndGlobalSection
	GlobalSection(ExtensibilityGlobals) = postSolution
		SolutionGuid = {F24D5034-B4A8-4581-90A9-817D92019F52}
	EndGlobalSection
EndGlobal
